// !$*UTF8*$!
{
	archiveVersion = 1;
	classes = {
	};
	objectVersion = 55;
	objects = {

/* Begin PBXBuildFile section */
		954C701B2889F3C6004BA584 /* BookDetailsViewController.swift in Sources */ = {isa = PBXBuildFile; fileRef = 954C701A2889F3C6004BA584 /* BookDetailsViewController.swift */; };
		954C7063288FEDC7004BA584 /* NotificationCell.swift in Sources */ = {isa = PBXBuildFile; fileRef = 954C7062288FEDC7004BA584 /* NotificationCell.swift */; };
		954C7068288FF40A004BA584 /* ProfileCell.swift in Sources */ = {isa = PBXBuildFile; fileRef = 954C7066288FF40A004BA584 /* ProfileCell.swift */; };
		954C7069288FF40A004BA584 /* ProfileCell.xib in Resources */ = {isa = PBXBuildFile; fileRef = 954C7067288FF40A004BA584 /* ProfileCell.xib */; };
		954FB3D128856C6C0050AF7D /* AppDelegate.swift in Sources */ = {isa = PBXBuildFile; fileRef = 954FB3D028856C6C0050AF7D /* AppDelegate.swift */; };
		954FB3D328856C6C0050AF7D /* SceneDelegate.swift in Sources */ = {isa = PBXBuildFile; fileRef = 954FB3D228856C6C0050AF7D /* SceneDelegate.swift */; };
		954FB3DB28856C6C0050AF7D /* BookStore.xcdatamodeld in Sources */ = {isa = PBXBuildFile; fileRef = 954FB3D928856C6C0050AF7D /* BookStore.xcdatamodeld */; };
		954FB3DD28856C6D0050AF7D /* Assets.xcassets in Resources */ = {isa = PBXBuildFile; fileRef = 954FB3DC28856C6D0050AF7D /* Assets.xcassets */; };
		954FB3E028856C6D0050AF7D /* LaunchScreen.storyboard in Resources */ = {isa = PBXBuildFile; fileRef = 954FB3DE28856C6D0050AF7D /* LaunchScreen.storyboard */; };
		954FB3E828856D360050AF7D /* Main.storyboard in Resources */ = {isa = PBXBuildFile; fileRef = 954FB3E728856D360050AF7D /* Main.storyboard */; };
		954FB3EC288576D00050AF7D /* Home.storyboard in Resources */ = {isa = PBXBuildFile; fileRef = 954FB3EB288576D00050AF7D /* Home.storyboard */; };
		954FB3F3288579CA0050AF7D /* HomeViewController.swift in Sources */ = {isa = PBXBuildFile; fileRef = 954FB3F2288579CA0050AF7D /* HomeViewController.swift */; };
		954FB3F5288579D40050AF7D /* FavouritesViewController.swift in Sources */ = {isa = PBXBuildFile; fileRef = 954FB3F4288579D40050AF7D /* FavouritesViewController.swift */; };
		954FB3F7288579DC0050AF7D /* NotificationsViewController.swift in Sources */ = {isa = PBXBuildFile; fileRef = 954FB3F6288579DC0050AF7D /* NotificationsViewController.swift */; };
		954FB3F9288579E40050AF7D /* ProfileViewController.swift in Sources */ = {isa = PBXBuildFile; fileRef = 954FB3F8288579E40050AF7D /* ProfileViewController.swift */; };
		954FB3FE28857A040050AF7D /* LandingViewController.swift in Sources */ = {isa = PBXBuildFile; fileRef = 954FB3FD28857A040050AF7D /* LandingViewController.swift */; };
		954FB40028857A0D0050AF7D /* SignInViewController.swift in Sources */ = {isa = PBXBuildFile; fileRef = 954FB3FF28857A0D0050AF7D /* SignInViewController.swift */; };
		954FB40228857A150050AF7D /* SignUpViewController.swift in Sources */ = {isa = PBXBuildFile; fileRef = 954FB40128857A150050AF7D /* SignUpViewController.swift */; };
		954FB40728857BD90050AF7D /* UIViewController+Extensions.swift in Sources */ = {isa = PBXBuildFile; fileRef = 954FB40628857BD90050AF7D /* UIViewController+Extensions.swift */; };
		954FB40A28857D5F0050AF7D /* BSConstants.swift in Sources */ = {isa = PBXBuildFile; fileRef = 954FB40928857D5F0050AF7D /* BSConstants.swift */; };
		954FB40C288587CA0050AF7D /* UIView+Custom.swift in Sources */ = {isa = PBXBuildFile; fileRef = 954FB40B288587CA0050AF7D /* UIView+Custom.swift */; };
		954FB40F28858B1F0050AF7D /* HomeTabBarViewController.swift in Sources */ = {isa = PBXBuildFile; fileRef = 954FB40E28858B1F0050AF7D /* HomeTabBarViewController.swift */; };
		954FB41328858B660050AF7D /* BookCell.swift in Sources */ = {isa = PBXBuildFile; fileRef = 954FB41128858B660050AF7D /* BookCell.swift */; };
		954FB41428858B660050AF7D /* BookCell.xib in Resources */ = {isa = PBXBuildFile; fileRef = 954FB41228858B660050AF7D /* BookCell.xib */; };
		9551A5B3288FF732008F6D5A /* Profile.storyboard in Resources */ = {isa = PBXBuildFile; fileRef = 9551A5B2288FF732008F6D5A /* Profile.storyboard */; };
		9551A5BB288FF89A008F6D5A /* UpdateProfileViewController.swift in Sources */ = {isa = PBXBuildFile; fileRef = 9551A5BA288FF89A008F6D5A /* UpdateProfileViewController.swift */; };
		9551A5BE288FF8AD008F6D5A /* AddressViewController.swift in Sources */ = {isa = PBXBuildFile; fileRef = 9551A5BD288FF8AD008F6D5A /* AddressViewController.swift */; };
		9551A5C1288FF8C3008F6D5A /* OrdersViewController.swift in Sources */ = {isa = PBXBuildFile; fileRef = 9551A5C0288FF8C3008F6D5A /* OrdersViewController.swift */; };
		9551A5C4288FF942008F6D5A /* UpdateDetailCell.swift in Sources */ = {isa = PBXBuildFile; fileRef = 9551A5C2288FF942008F6D5A /* UpdateDetailCell.swift */; };
		9551A5C5288FF942008F6D5A /* UpdateDetailCell.xib in Resources */ = {isa = PBXBuildFile; fileRef = 9551A5C3288FF942008F6D5A /* UpdateDetailCell.xib */; };
		9551A5C8288FF9DD008F6D5A /* OrderCell.swift in Sources */ = {isa = PBXBuildFile; fileRef = 9551A5C7288FF9DD008F6D5A /* OrderCell.swift */; };
		9551A5CB289000CC008F6D5A /* SuccessViewController.swift in Sources */ = {isa = PBXBuildFile; fileRef = 9551A5CA289000CC008F6D5A /* SuccessViewController.swift */; };
		9551A5CE289000F9008F6D5A /* CheckoutViewController.swift in Sources */ = {isa = PBXBuildFile; fileRef = 9551A5CD289000F9008F6D5A /* CheckoutViewController.swift */; };
		9551A5D128900110008F6D5A /* Checkout.storyboard in Resources */ = {isa = PBXBuildFile; fileRef = 9551A5D028900110008F6D5A /* Checkout.storyboard */; };
		9551A5D42890053B008F6D5A /* CheckoutCell.swift in Sources */ = {isa = PBXBuildFile; fileRef = 9551A5D32890053B008F6D5A /* CheckoutCell.swift */; };
		9551A5D628901447008F6D5A /* LocationsViewController.swift in Sources */ = {isa = PBXBuildFile; fileRef = 9551A5D528901447008F6D5A /* LocationsViewController.swift */; };
		956ACDEC28873D75006B9359 /* APIHelper.swift in Sources */ = {isa = PBXBuildFile; fileRef = 956ACDEB28873D75006B9359 /* APIHelper.swift */; };
		956ACDEE28873DD2006B9359 /* APIUrls.swift in Sources */ = {isa = PBXBuildFile; fileRef = 956ACDED28873DD2006B9359 /* APIUrls.swift */; };
		956ACDF028873E62006B9359 /* APIServices.swift in Sources */ = {isa = PBXBuildFile; fileRef = 956ACDEF28873E62006B9359 /* APIServices.swift */; };
		956ACDF228874099006B9359 /* ErrorModel.swift in Sources */ = {isa = PBXBuildFile; fileRef = 956ACDF128874099006B9359 /* ErrorModel.swift */; };
		956ACDF528875E65006B9359 /* User.swift in Sources */ = {isa = PBXBuildFile; fileRef = 956ACDF428875E65006B9359 /* User.swift */; };
		956ACDF8288760EF006B9359 /* SharedSingleton.swift in Sources */ = {isa = PBXBuildFile; fileRef = 956ACDF7288760EF006B9359 /* SharedSingleton.swift */; };
		9C61B2086E54BBCAC2387F40 /* Pods_BookStore.framework in Frameworks */ = {isa = PBXBuildFile; fileRef = 543EE48D8426C4A91555D58F /* Pods_BookStore.framework */; };
/* End PBXBuildFile section */

/* Begin PBXFileReference section */
		04AFC650EFBBD8EEEE3382AD /* Pods-BookStore.debug.xcconfig */ = {isa = PBXFileReference; includeInIndex = 1; lastKnownFileType = text.xcconfig; name = "Pods-BookStore.debug.xcconfig"; path = "Target Support Files/Pods-BookStore/Pods-BookStore.debug.xcconfig"; sourceTree = "<group>"; };
		543EE48D8426C4A91555D58F /* Pods_BookStore.framework */ = {isa = PBXFileReference; explicitFileType = wrapper.framework; includeInIndex = 0; path = Pods_BookStore.framework; sourceTree = BUILT_PRODUCTS_DIR; };
		733C7D5822F5906D7B13C30C /* Pods-BookStore.release.xcconfig */ = {isa = PBXFileReference; includeInIndex = 1; lastKnownFileType = text.xcconfig; name = "Pods-BookStore.release.xcconfig"; path = "Target Support Files/Pods-BookStore/Pods-BookStore.release.xcconfig"; sourceTree = "<group>"; };
		954C701A2889F3C6004BA584 /* BookDetailsViewController.swift */ = {isa = PBXFileReference; lastKnownFileType = sourcecode.swift; path = BookDetailsViewController.swift; sourceTree = "<group>"; };
		954C7062288FEDC7004BA584 /* NotificationCell.swift */ = {isa = PBXFileReference; lastKnownFileType = sourcecode.swift; path = NotificationCell.swift; sourceTree = "<group>"; };
		954C7066288FF40A004BA584 /* ProfileCell.swift */ = {isa = PBXFileReference; lastKnownFileType = sourcecode.swift; path = ProfileCell.swift; sourceTree = "<group>"; };
		954C7067288FF40A004BA584 /* ProfileCell.xib */ = {isa = PBXFileReference; lastKnownFileType = file.xib; path = ProfileCell.xib; sourceTree = "<group>"; };
		954FB3CD28856C6C0050AF7D /* BookStore.app */ = {isa = PBXFileReference; explicitFileType = wrapper.application; includeInIndex = 0; path = BookStore.app; sourceTree = BUILT_PRODUCTS_DIR; };
		954FB3D028856C6C0050AF7D /* AppDelegate.swift */ = {isa = PBXFileReference; lastKnownFileType = sourcecode.swift; path = AppDelegate.swift; sourceTree = "<group>"; };
		954FB3D228856C6C0050AF7D /* SceneDelegate.swift */ = {isa = PBXFileReference; lastKnownFileType = sourcecode.swift; path = SceneDelegate.swift; sourceTree = "<group>"; };
		954FB3DA28856C6C0050AF7D /* BookStore.xcdatamodel */ = {isa = PBXFileReference; lastKnownFileType = wrapper.xcdatamodel; path = BookStore.xcdatamodel; sourceTree = "<group>"; };
		954FB3DC28856C6D0050AF7D /* Assets.xcassets */ = {isa = PBXFileReference; lastKnownFileType = folder.assetcatalog; path = Assets.xcassets; sourceTree = "<group>"; };
		954FB3DF28856C6D0050AF7D /* Base */ = {isa = PBXFileReference; lastKnownFileType = file.storyboard; name = Base; path = Base.lproj/LaunchScreen.storyboard; sourceTree = "<group>"; };
		954FB3E128856C6D0050AF7D /* Info.plist */ = {isa = PBXFileReference; lastKnownFileType = text.plist.xml; path = Info.plist; sourceTree = "<group>"; };
		954FB3E728856D360050AF7D /* Main.storyboard */ = {isa = PBXFileReference; lastKnownFileType = file.storyboard; path = Main.storyboard; sourceTree = "<group>"; };
		954FB3EB288576D00050AF7D /* Home.storyboard */ = {isa = PBXFileReference; fileEncoding = 4; lastKnownFileType = file.storyboard; path = Home.storyboard; sourceTree = "<group>"; };
		954FB3F2288579CA0050AF7D /* HomeViewController.swift */ = {isa = PBXFileReference; lastKnownFileType = sourcecode.swift; path = HomeViewController.swift; sourceTree = "<group>"; };
		954FB3F4288579D40050AF7D /* FavouritesViewController.swift */ = {isa = PBXFileReference; lastKnownFileType = sourcecode.swift; path = FavouritesViewController.swift; sourceTree = "<group>"; };
		954FB3F6288579DC0050AF7D /* NotificationsViewController.swift */ = {isa = PBXFileReference; lastKnownFileType = sourcecode.swift; path = NotificationsViewController.swift; sourceTree = "<group>"; };
		954FB3F8288579E40050AF7D /* ProfileViewController.swift */ = {isa = PBXFileReference; lastKnownFileType = sourcecode.swift; path = ProfileViewController.swift; sourceTree = "<group>"; };
		954FB3FD28857A040050AF7D /* LandingViewController.swift */ = {isa = PBXFileReference; lastKnownFileType = sourcecode.swift; path = LandingViewController.swift; sourceTree = "<group>"; };
		954FB3FF28857A0D0050AF7D /* SignInViewController.swift */ = {isa = PBXFileReference; lastKnownFileType = sourcecode.swift; path = SignInViewController.swift; sourceTree = "<group>"; };
		954FB40128857A150050AF7D /* SignUpViewController.swift */ = {isa = PBXFileReference; lastKnownFileType = sourcecode.swift; path = SignUpViewController.swift; sourceTree = "<group>"; };
		954FB40628857BD90050AF7D /* UIViewController+Extensions.swift */ = {isa = PBXFileReference; lastKnownFileType = sourcecode.swift; path = "UIViewController+Extensions.swift"; sourceTree = "<group>"; };
		954FB40928857D5F0050AF7D /* BSConstants.swift */ = {isa = PBXFileReference; lastKnownFileType = sourcecode.swift; path = BSConstants.swift; sourceTree = "<group>"; };
		954FB40B288587CA0050AF7D /* UIView+Custom.swift */ = {isa = PBXFileReference; lastKnownFileType = sourcecode.swift; path = "UIView+Custom.swift"; sourceTree = "<group>"; };
		954FB40E28858B1F0050AF7D /* HomeTabBarViewController.swift */ = {isa = PBXFileReference; lastKnownFileType = sourcecode.swift; path = HomeTabBarViewController.swift; sourceTree = "<group>"; };
		954FB41128858B660050AF7D /* BookCell.swift */ = {isa = PBXFileReference; lastKnownFileType = sourcecode.swift; path = BookCell.swift; sourceTree = "<group>"; };
		954FB41228858B660050AF7D /* BookCell.xib */ = {isa = PBXFileReference; lastKnownFileType = file.xib; path = BookCell.xib; sourceTree = "<group>"; };
		9551A5B2288FF732008F6D5A /* Profile.storyboard */ = {isa = PBXFileReference; lastKnownFileType = file.storyboard; path = Profile.storyboard; sourceTree = "<group>"; };
		9551A5BA288FF89A008F6D5A /* UpdateProfileViewController.swift */ = {isa = PBXFileReference; lastKnownFileType = sourcecode.swift; path = UpdateProfileViewController.swift; sourceTree = "<group>"; };
		9551A5BD288FF8AD008F6D5A /* AddressViewController.swift */ = {isa = PBXFileReference; lastKnownFileType = sourcecode.swift; path = AddressViewController.swift; sourceTree = "<group>"; };
		9551A5C0288FF8C3008F6D5A /* OrdersViewController.swift */ = {isa = PBXFileReference; lastKnownFileType = sourcecode.swift; path = OrdersViewController.swift; sourceTree = "<group>"; };
		9551A5C2288FF942008F6D5A /* UpdateDetailCell.swift */ = {isa = PBXFileReference; lastKnownFileType = sourcecode.swift; path = UpdateDetailCell.swift; sourceTree = "<group>"; };
		9551A5C3288FF942008F6D5A /* UpdateDetailCell.xib */ = {isa = PBXFileReference; lastKnownFileType = file.xib; path = UpdateDetailCell.xib; sourceTree = "<group>"; };
		9551A5C7288FF9DD008F6D5A /* OrderCell.swift */ = {isa = PBXFileReference; lastKnownFileType = sourcecode.swift; path = OrderCell.swift; sourceTree = "<group>"; };
		9551A5CA289000CC008F6D5A /* SuccessViewController.swift */ = {isa = PBXFileReference; lastKnownFileType = sourcecode.swift; path = SuccessViewController.swift; sourceTree = "<group>"; };
		9551A5CD289000F9008F6D5A /* CheckoutViewController.swift */ = {isa = PBXFileReference; lastKnownFileType = sourcecode.swift; path = CheckoutViewController.swift; sourceTree = "<group>"; };
		9551A5D028900110008F6D5A /* Checkout.storyboard */ = {isa = PBXFileReference; lastKnownFileType = file.storyboard; path = Checkout.storyboard; sourceTree = "<group>"; };
		9551A5D32890053B008F6D5A /* CheckoutCell.swift */ = {isa = PBXFileReference; lastKnownFileType = sourcecode.swift; path = CheckoutCell.swift; sourceTree = "<group>"; };
		9551A5D528901447008F6D5A /* LocationsViewController.swift */ = {isa = PBXFileReference; lastKnownFileType = sourcecode.swift; path = LocationsViewController.swift; sourceTree = "<group>"; };
		956ACDEB28873D75006B9359 /* APIHelper.swift */ = {isa = PBXFileReference; lastKnownFileType = sourcecode.swift; path = APIHelper.swift; sourceTree = "<group>"; };
		956ACDED28873DD2006B9359 /* APIUrls.swift */ = {isa = PBXFileReference; lastKnownFileType = sourcecode.swift; path = APIUrls.swift; sourceTree = "<group>"; };
		956ACDEF28873E62006B9359 /* APIServices.swift */ = {isa = PBXFileReference; lastKnownFileType = sourcecode.swift; path = APIServices.swift; sourceTree = "<group>"; };
		956ACDF128874099006B9359 /* ErrorModel.swift */ = {isa = PBXFileReference; lastKnownFileType = sourcecode.swift; path = ErrorModel.swift; sourceTree = "<group>"; };
		956ACDF428875E65006B9359 /* User.swift */ = {isa = PBXFileReference; lastKnownFileType = sourcecode.swift; path = User.swift; sourceTree = "<group>"; };
		956ACDF7288760EF006B9359 /* SharedSingleton.swift */ = {isa = PBXFileReference; lastKnownFileType = sourcecode.swift; path = SharedSingleton.swift; sourceTree = "<group>"; };
/* End PBXFileReference section */

/* Begin PBXFrameworksBuildPhase section */
		954FB3CA28856C6C0050AF7D /* Frameworks */ = {
			isa = PBXFrameworksBuildPhase;
			buildActionMask = 2147483647;
			files = (
				9C61B2086E54BBCAC2387F40 /* Pods_BookStore.framework in Frameworks */,
			);
			runOnlyForDeploymentPostprocessing = 0;
		};
/* End PBXFrameworksBuildPhase section */

/* Begin PBXGroup section */
		06EAEA7EA2DA2B4EEDDF4536 /* Frameworks */ = {
			isa = PBXGroup;
			children = (
				543EE48D8426C4A91555D58F /* Pods_BookStore.framework */,
			);
			name = Frameworks;
			sourceTree = "<group>";
		};
		954C70192889F3B4004BA584 /* Book Details */ = {
			isa = PBXGroup;
			children = (
				954C701A2889F3C6004BA584 /* BookDetailsViewController.swift */,
				9551A5D528901447008F6D5A /* LocationsViewController.swift */,
			);
			path = "Book Details";
			sourceTree = "<group>";
		};
		954C705D288FED8E004BA584 /* Notifications Cell */ = {
			isa = PBXGroup;
			children = (
				954C7062288FEDC7004BA584 /* NotificationCell.swift */,
			);
			path = "Notifications Cell";
			sourceTree = "<group>";
		};
		954C705E288FED97004BA584 /* Profile Cell */ = {
			isa = PBXGroup;
			children = (
				954C7066288FF40A004BA584 /* ProfileCell.swift */,
				954C7067288FF40A004BA584 /* ProfileCell.xib */,
			);
			path = "Profile Cell";
			sourceTree = "<group>";
		};
		954C705F288FEDA1004BA584 /* Custom UI */ = {
			isa = PBXGroup;
			children = (
				9551A5D228900526008F6D5A /* Checkout Cell */,
				9551A5B4288FF82B008F6D5A /* Profile views */,
				954C705D288FED8E004BA584 /* Notifications Cell */,
				954FB41028858B4C0050AF7D /* Book Cell */,
			);
			path = "Custom UI";
			sourceTree = "<group>";
		};
		954FB3C428856C6C0050AF7D = {
			isa = PBXGroup;
			children = (
				954FB3CF28856C6C0050AF7D /* BookStore */,
				954FB3CE28856C6C0050AF7D /* Products */,
				C5AC015F01170388045361AC /* Pods */,
				06EAEA7EA2DA2B4EEDDF4536 /* Frameworks */,
			);
			sourceTree = "<group>";
		};
		954FB3CE28856C6C0050AF7D /* Products */ = {
			isa = PBXGroup;
			children = (
				954FB3CD28856C6C0050AF7D /* BookStore.app */,
			);
			name = Products;
			sourceTree = "<group>";
		};
		954FB3CF28856C6C0050AF7D /* BookStore */ = {
			isa = PBXGroup;
			children = (
				956ACDF328875E5C006B9359 /* Models */,
				956ACDEA28873D64006B9359 /* Networking */,
				954FB40428857BBE0050AF7D /* Common */,
				954FB40328857A1E0050AF7D /* Storyboards */,
				954FB3ED288579A10050AF7D /* ViewControllers */,
				954FB3D028856C6C0050AF7D /* AppDelegate.swift */,
				954FB3D228856C6C0050AF7D /* SceneDelegate.swift */,
				954FB3DC28856C6D0050AF7D /* Assets.xcassets */,
				954FB3DE28856C6D0050AF7D /* LaunchScreen.storyboard */,
				954FB3E128856C6D0050AF7D /* Info.plist */,
				954FB3D928856C6C0050AF7D /* BookStore.xcdatamodeld */,
			);
			path = BookStore;
			sourceTree = "<group>";
		};
		954FB3ED288579A10050AF7D /* ViewControllers */ = {
			isa = PBXGroup;
			children = (
				9551A5CC289000D0008F6D5A /* Checkout */,
				9551A5C9289000B5008F6D5A /* Success */,
				9551A5B8288FF87B008F6D5A /* Profile Controllers */,
				954C70192889F3B4004BA584 /* Book Details */,
				954FB40D28858AFE0050AF7D /* TabBarController */,
				954FB3FC288579F80050AF7D /* Landing */,
				954FB3FB288579F20050AF7D /* Sign in */,
				954FB3FA288579E70050AF7D /* Sign up */,
				954FB3F1288579BA0050AF7D /* Profile */,
				954FB3F0288579B30050AF7D /* Notifications */,
				954FB3EF288579AE0050AF7D /* Favourites */,
				954FB3EE288579A80050AF7D /* Home */,
			);
			path = ViewControllers;
			sourceTree = "<group>";
		};
		954FB3EE288579A80050AF7D /* Home */ = {
			isa = PBXGroup;
			children = (
				954FB3F2288579CA0050AF7D /* HomeViewController.swift */,
			);
			path = Home;
			sourceTree = "<group>";
		};
		954FB3EF288579AE0050AF7D /* Favourites */ = {
			isa = PBXGroup;
			children = (
				954FB3F4288579D40050AF7D /* FavouritesViewController.swift */,
			);
			path = Favourites;
			sourceTree = "<group>";
		};
		954FB3F0288579B30050AF7D /* Notifications */ = {
			isa = PBXGroup;
			children = (
				954FB3F6288579DC0050AF7D /* NotificationsViewController.swift */,
			);
			path = Notifications;
			sourceTree = "<group>";
		};
		954FB3F1288579BA0050AF7D /* Profile */ = {
			isa = PBXGroup;
			children = (
				954FB3F8288579E40050AF7D /* ProfileViewController.swift */,
			);
			path = Profile;
			sourceTree = "<group>";
		};
		954FB3FA288579E70050AF7D /* Sign up */ = {
			isa = PBXGroup;
			children = (
				954FB40128857A150050AF7D /* SignUpViewController.swift */,
			);
			path = "Sign up";
			sourceTree = "<group>";
		};
		954FB3FB288579F20050AF7D /* Sign in */ = {
			isa = PBXGroup;
			children = (
				954FB3FF28857A0D0050AF7D /* SignInViewController.swift */,
			);
			path = "Sign in";
			sourceTree = "<group>";
		};
		954FB3FC288579F80050AF7D /* Landing */ = {
			isa = PBXGroup;
			children = (
				954FB3FD28857A040050AF7D /* LandingViewController.swift */,
			);
			path = Landing;
			sourceTree = "<group>";
		};
		954FB40328857A1E0050AF7D /* Storyboards */ = {
			isa = PBXGroup;
			children = (
				954FB3E728856D360050AF7D /* Main.storyboard */,
				954FB3EB288576D00050AF7D /* Home.storyboard */,
				9551A5B2288FF732008F6D5A /* Profile.storyboard */,
				9551A5D028900110008F6D5A /* Checkout.storyboard */,
			);
			path = Storyboards;
			sourceTree = "<group>";
		};
		954FB40428857BBE0050AF7D /* Common */ = {
			isa = PBXGroup;
			children = (
				954C705F288FEDA1004BA584 /* Custom UI */,
				956ACDF6288760DD006B9359 /* Shared Singleton */,
				954FB40828857D520050AF7D /* Constants */,
				954FB40528857BC40050AF7D /* Extensions */,
			);
			path = Common;
			sourceTree = "<group>";
		};
		954FB40528857BC40050AF7D /* Extensions */ = {
			isa = PBXGroup;
			children = (
				954FB40628857BD90050AF7D /* UIViewController+Extensions.swift */,
				954FB40B288587CA0050AF7D /* UIView+Custom.swift */,
			);
			path = Extensions;
			sourceTree = "<group>";
		};
		954FB40828857D520050AF7D /* Constants */ = {
			isa = PBXGroup;
			children = (
				954FB40928857D5F0050AF7D /* BSConstants.swift */,
			);
			path = Constants;
			sourceTree = "<group>";
		};
		954FB40D28858AFE0050AF7D /* TabBarController */ = {
			isa = PBXGroup;
			children = (
				954FB40E28858B1F0050AF7D /* HomeTabBarViewController.swift */,
			);
			path = TabBarController;
			sourceTree = "<group>";
		};
		954FB41028858B4C0050AF7D /* Book Cell */ = {
			isa = PBXGroup;
			children = (
				954FB41128858B660050AF7D /* BookCell.swift */,
				954FB41228858B660050AF7D /* BookCell.xib */,
			);
			path = "Book Cell";
			sourceTree = "<group>";
		};
		9551A5B4288FF82B008F6D5A /* Profile views */ = {
			isa = PBXGroup;
			children = (
				9551A5C6288FF9CC008F6D5A /* Order Cell */,
				9551A5B5288FF837008F6D5A /* Profile update cell */,
				954C705E288FED97004BA584 /* Profile Cell */,
			);
			path = "Profile views";
			sourceTree = "<group>";
		};
		9551A5B5288FF837008F6D5A /* Profile update cell */ = {
			isa = PBXGroup;
			children = (
				9551A5C2288FF942008F6D5A /* UpdateDetailCell.swift */,
				9551A5C3288FF942008F6D5A /* UpdateDetailCell.xib */,
			);
			path = "Profile update cell";
			sourceTree = "<group>";
		};
		9551A5B8288FF87B008F6D5A /* Profile Controllers */ = {
			isa = PBXGroup;
			children = (
				9551A5BF288FF8B0008F6D5A /* Orders */,
				9551A5BC288FF89E008F6D5A /* Address */,
				9551A5B9288FF883008F6D5A /* Update Profile */,
			);
			path = "Profile Controllers";
			sourceTree = "<group>";
		};
		9551A5B9288FF883008F6D5A /* Update Profile */ = {
			isa = PBXGroup;
			children = (
				9551A5BA288FF89A008F6D5A /* UpdateProfileViewController.swift */,
			);
			path = "Update Profile";
			sourceTree = "<group>";
		};
		9551A5BC288FF89E008F6D5A /* Address */ = {
			isa = PBXGroup;
			children = (
				9551A5BD288FF8AD008F6D5A /* AddressViewController.swift */,
			);
			path = Address;
			sourceTree = "<group>";
		};
		9551A5BF288FF8B0008F6D5A /* Orders */ = {
			isa = PBXGroup;
			children = (
				9551A5C0288FF8C3008F6D5A /* OrdersViewController.swift */,
			);
			path = Orders;
			sourceTree = "<group>";
		};
		9551A5C6288FF9CC008F6D5A /* Order Cell */ = {
			isa = PBXGroup;
			children = (
				9551A5C7288FF9DD008F6D5A /* OrderCell.swift */,
			);
			path = "Order Cell";
			sourceTree = "<group>";
		};
		9551A5C9289000B5008F6D5A /* Success */ = {
			isa = PBXGroup;
			children = (
				9551A5CA289000CC008F6D5A /* SuccessViewController.swift */,
			);
			path = Success;
			sourceTree = "<group>";
		};
		9551A5CC289000D0008F6D5A /* Checkout */ = {
			isa = PBXGroup;
			children = (
				9551A5CD289000F9008F6D5A /* CheckoutViewController.swift */,
			);
			path = Checkout;
			sourceTree = "<group>";
		};
		9551A5D228900526008F6D5A /* Checkout Cell */ = {
			isa = PBXGroup;
			children = (
				9551A5D32890053B008F6D5A /* CheckoutCell.swift */,
			);
			path = "Checkout Cell";
			sourceTree = "<group>";
		};
		956ACDEA28873D64006B9359 /* Networking */ = {
			isa = PBXGroup;
			children = (
				956ACDEB28873D75006B9359 /* APIHelper.swift */,
				956ACDED28873DD2006B9359 /* APIUrls.swift */,
				956ACDEF28873E62006B9359 /* APIServices.swift */,
				956ACDF128874099006B9359 /* ErrorModel.swift */,
			);
			path = Networking;
			sourceTree = "<group>";
		};
		956ACDF328875E5C006B9359 /* Models */ = {
			isa = PBXGroup;
			children = (
				956ACDF428875E65006B9359 /* User.swift */,
			);
			path = Models;
			sourceTree = "<group>";
		};
		956ACDF6288760DD006B9359 /* Shared Singleton */ = {
			isa = PBXGroup;
			children = (
				956ACDF7288760EF006B9359 /* SharedSingleton.swift */,
			);
			path = "Shared Singleton";
			sourceTree = "<group>";
		};
		C5AC015F01170388045361AC /* Pods */ = {
			isa = PBXGroup;
			children = (
				04AFC650EFBBD8EEEE3382AD /* Pods-BookStore.debug.xcconfig */,
				733C7D5822F5906D7B13C30C /* Pods-BookStore.release.xcconfig */,
			);
			path = Pods;
			sourceTree = "<group>";
		};
/* End PBXGroup section */

/* Begin PBXNativeTarget section */
		954FB3CC28856C6C0050AF7D /* BookStore */ = {
			isa = PBXNativeTarget;
			buildConfigurationList = 954FB3E428856C6D0050AF7D /* Build configuration list for PBXNativeTarget "BookStore" */;
			buildPhases = (
				EEC2DC4781B046E8FF67E802 /* [CP] Check Pods Manifest.lock */,
				954FB3C928856C6C0050AF7D /* Sources */,
				954FB3CA28856C6C0050AF7D /* Frameworks */,
				954FB3CB28856C6C0050AF7D /* Resources */,
				4DBA3BC92079C279C8F563AD /* [CP] Embed Pods Frameworks */,
			);
			buildRules = (
			);
			dependencies = (
			);
			name = BookStore;
			productName = BookStore;
			productReference = 954FB3CD28856C6C0050AF7D /* BookStore.app */;
			productType = "com.apple.product-type.application";
		};
/* End PBXNativeTarget section */

/* Begin PBXProject section */
		954FB3C528856C6C0050AF7D /* Project object */ = {
			isa = PBXProject;
			attributes = {
				BuildIndependentTargetsInParallel = 1;
				LastSwiftUpdateCheck = 1340;
				LastUpgradeCheck = 1340;
				TargetAttributes = {
					954FB3CC28856C6C0050AF7D = {
						CreatedOnToolsVersion = 13.4;
					};
				};
			};
			buildConfigurationList = 954FB3C828856C6C0050AF7D /* Build configuration list for PBXProject "BookStore" */;
			compatibilityVersion = "Xcode 13.0";
			developmentRegion = en;
			hasScannedForEncodings = 0;
			knownRegions = (
				en,
				Base,
			);
			mainGroup = 954FB3C428856C6C0050AF7D;
			productRefGroup = 954FB3CE28856C6C0050AF7D /* Products */;
			projectDirPath = "";
			projectRoot = "";
			targets = (
				954FB3CC28856C6C0050AF7D /* BookStore */,
			);
		};
/* End PBXProject section */

/* Begin PBXResourcesBuildPhase section */
		954FB3CB28856C6C0050AF7D /* Resources */ = {
			isa = PBXResourcesBuildPhase;
			buildActionMask = 2147483647;
			files = (
				954FB3E028856C6D0050AF7D /* LaunchScreen.storyboard in Resources */,
				954FB41428858B660050AF7D /* BookCell.xib in Resources */,
				954FB3EC288576D00050AF7D /* Home.storyboard in Resources */,
				9551A5C5288FF942008F6D5A /* UpdateDetailCell.xib in Resources */,
				9551A5D128900110008F6D5A /* Checkout.storyboard in Resources */,
				954C7069288FF40A004BA584 /* ProfileCell.xib in Resources */,
				954FB3DD28856C6D0050AF7D /* Assets.xcassets in Resources */,
				9551A5B3288FF732008F6D5A /* Profile.storyboard in Resources */,
				954FB3E828856D360050AF7D /* Main.storyboard in Resources */,
			);
			runOnlyForDeploymentPostprocessing = 0;
		};
/* End PBXResourcesBuildPhase section */

/* Begin PBXShellScriptBuildPhase section */
		4DBA3BC92079C279C8F563AD /* [CP] Embed Pods Frameworks */ = {
			isa = PBXShellScriptBuildPhase;
			buildActionMask = 2147483647;
			files = (
			);
			inputFileListPaths = (
				"${PODS_ROOT}/Target Support Files/Pods-BookStore/Pods-BookStore-frameworks-${CONFIGURATION}-input-files.xcfilelist",
			);
			name = "[CP] Embed Pods Frameworks";
			outputFileListPaths = (
				"${PODS_ROOT}/Target Support Files/Pods-BookStore/Pods-BookStore-frameworks-${CONFIGURATION}-output-files.xcfilelist",
			);
			runOnlyForDeploymentPostprocessing = 0;
			shellPath = /bin/sh;
			shellScript = "\"${PODS_ROOT}/Target Support Files/Pods-BookStore/Pods-BookStore-frameworks.sh\"\n";
			showEnvVarsInLog = 0;
		};
		EEC2DC4781B046E8FF67E802 /* [CP] Check Pods Manifest.lock */ = {
			isa = PBXShellScriptBuildPhase;
			buildActionMask = 2147483647;
			files = (
			);
			inputFileListPaths = (
			);
			inputPaths = (
				"${PODS_PODFILE_DIR_PATH}/Podfile.lock",
				"${PODS_ROOT}/Manifest.lock",
			);
			name = "[CP] Check Pods Manifest.lock";
			outputFileListPaths = (
			);
			outputPaths = (
				"$(DERIVED_FILE_DIR)/Pods-BookStore-checkManifestLockResult.txt",
			);
			runOnlyForDeploymentPostprocessing = 0;
			shellPath = /bin/sh;
			shellScript = "diff \"${PODS_PODFILE_DIR_PATH}/Podfile.lock\" \"${PODS_ROOT}/Manifest.lock\" > /dev/null\nif [ $? != 0 ] ; then\n    # print error to STDERR\n    echo \"error: The sandbox is not in sync with the Podfile.lock. Run 'pod install' or update your CocoaPods installation.\" >&2\n    exit 1\nfi\n# This output is used by Xcode 'outputs' to avoid re-running this script phase.\necho \"SUCCESS\" > \"${SCRIPT_OUTPUT_FILE_0}\"\n";
			showEnvVarsInLog = 0;
		};
/* End PBXShellScriptBuildPhase section */

/* Begin PBXSourcesBuildPhase section */
		954FB3C928856C6C0050AF7D /* Sources */ = {
			isa = PBXSourcesBuildPhase;
			buildActionMask = 2147483647;
			files = (
				9551A5BE288FF8AD008F6D5A /* AddressViewController.swift in Sources */,
				954FB40C288587CA0050AF7D /* UIView+Custom.swift in Sources */,
				954FB40228857A150050AF7D /* SignUpViewController.swift in Sources */,
				9551A5D42890053B008F6D5A /* CheckoutCell.swift in Sources */,
				9551A5C1288FF8C3008F6D5A /* OrdersViewController.swift in Sources */,
				954FB3F5288579D40050AF7D /* FavouritesViewController.swift in Sources */,
				954FB3F3288579CA0050AF7D /* HomeViewController.swift in Sources */,
				9551A5C8288FF9DD008F6D5A /* OrderCell.swift in Sources */,
				9551A5C4288FF942008F6D5A /* UpdateDetailCell.swift in Sources */,
				954FB41328858B660050AF7D /* BookCell.swift in Sources */,
				954FB40A28857D5F0050AF7D /* BSConstants.swift in Sources */,
				954FB3D128856C6C0050AF7D /* AppDelegate.swift in Sources */,
				956ACDF8288760EF006B9359 /* SharedSingleton.swift in Sources */,
				956ACDEC28873D75006B9359 /* APIHelper.swift in Sources */,
				954FB3DB28856C6C0050AF7D /* BookStore.xcdatamodeld in Sources */,
				956ACDF228874099006B9359 /* ErrorModel.swift in Sources */,
				954FB3F7288579DC0050AF7D /* NotificationsViewController.swift in Sources */,
				9551A5BB288FF89A008F6D5A /* UpdateProfileViewController.swift in Sources */,
				954FB40F28858B1F0050AF7D /* HomeTabBarViewController.swift in Sources */,
				954FB40728857BD90050AF7D /* UIViewController+Extensions.swift in Sources */,
				9551A5CE289000F9008F6D5A /* CheckoutViewController.swift in Sources */,
				956ACDF028873E62006B9359 /* APIServices.swift in Sources */,
				954C7063288FEDC7004BA584 /* NotificationCell.swift in Sources */,
				954FB3F9288579E40050AF7D /* ProfileViewController.swift in Sources */,
				954C701B2889F3C6004BA584 /* BookDetailsViewController.swift in Sources */,
				956ACDEE28873DD2006B9359 /* APIUrls.swift in Sources */,
				9551A5D628901447008F6D5A /* LocationsViewController.swift in Sources */,
				954FB3FE28857A040050AF7D /* LandingViewController.swift in Sources */,
				954FB40028857A0D0050AF7D /* SignInViewController.swift in Sources */,
				954C7068288FF40A004BA584 /* ProfileCell.swift in Sources */,
				954FB3D328856C6C0050AF7D /* SceneDelegate.swift in Sources */,
				9551A5CB289000CC008F6D5A /* SuccessViewController.swift in Sources */,
				956ACDF528875E65006B9359 /* User.swift in Sources */,
			);
			runOnlyForDeploymentPostprocessing = 0;
		};
/* End PBXSourcesBuildPhase section */

/* Begin PBXVariantGroup section */
		954FB3DE28856C6D0050AF7D /* LaunchScreen.storyboard */ = {
			isa = PBXVariantGroup;
			children = (
				954FB3DF28856C6D0050AF7D /* Base */,
			);
			name = LaunchScreen.storyboard;
			sourceTree = "<group>";
		};
/* End PBXVariantGroup section */

/* Begin XCBuildConfiguration section */
		954FB3E228856C6D0050AF7D /* Debug */ = {
			isa = XCBuildConfiguration;
			buildSettings = {
				ALWAYS_SEARCH_USER_PATHS = NO;
				CLANG_ANALYZER_NONNULL = YES;
				CLANG_ANALYZER_NUMBER_OBJECT_CONVERSION = YES_AGGRESSIVE;
				CLANG_CXX_LANGUAGE_STANDARD = "gnu++17";
				CLANG_ENABLE_MODULES = YES;
				CLANG_ENABLE_OBJC_ARC = YES;
				CLANG_ENABLE_OBJC_WEAK = YES;
				CLANG_WARN_BLOCK_CAPTURE_AUTORELEASING = YES;
				CLANG_WARN_BOOL_CONVERSION = YES;
				CLANG_WARN_COMMA = YES;
				CLANG_WARN_CONSTANT_CONVERSION = YES;
				CLANG_WARN_DEPRECATED_OBJC_IMPLEMENTATIONS = YES;
				CLANG_WARN_DIRECT_OBJC_ISA_USAGE = YES_ERROR;
				CLANG_WARN_DOCUMENTATION_COMMENTS = YES;
				CLANG_WARN_EMPTY_BODY = YES;
				CLANG_WARN_ENUM_CONVERSION = YES;
				CLANG_WARN_INFINITE_RECURSION = YES;
				CLANG_WARN_INT_CONVERSION = YES;
				CLANG_WARN_NON_LITERAL_NULL_CONVERSION = YES;
				CLANG_WARN_OBJC_IMPLICIT_RETAIN_SELF = YES;
				CLANG_WARN_OBJC_LITERAL_CONVERSION = YES;
				CLANG_WARN_OBJC_ROOT_CLASS = YES_ERROR;
				CLANG_WARN_QUOTED_INCLUDE_IN_FRAMEWORK_HEADER = YES;
				CLANG_WARN_RANGE_LOOP_ANALYSIS = YES;
				CLANG_WARN_STRICT_PROTOTYPES = YES;
				CLANG_WARN_SUSPICIOUS_MOVE = YES;
				CLANG_WARN_UNGUARDED_AVAILABILITY = YES_AGGRESSIVE;
				CLANG_WARN_UNREACHABLE_CODE = YES;
				CLANG_WARN__DUPLICATE_METHOD_MATCH = YES;
				COPY_PHASE_STRIP = NO;
				DEBUG_INFORMATION_FORMAT = dwarf;
				ENABLE_STRICT_OBJC_MSGSEND = YES;
				ENABLE_TESTABILITY = YES;
				GCC_C_LANGUAGE_STANDARD = gnu11;
				GCC_DYNAMIC_NO_PIC = NO;
				GCC_NO_COMMON_BLOCKS = YES;
				GCC_OPTIMIZATION_LEVEL = 0;
				GCC_PREPROCESSOR_DEFINITIONS = (
					"DEBUG=1",
					"$(inherited)",
				);
				GCC_WARN_64_TO_32_BIT_CONVERSION = YES;
				GCC_WARN_ABOUT_RETURN_TYPE = YES_ERROR;
				GCC_WARN_UNDECLARED_SELECTOR = YES;
				GCC_WARN_UNINITIALIZED_AUTOS = YES_AGGRESSIVE;
				GCC_WARN_UNUSED_FUNCTION = YES;
				GCC_WARN_UNUSED_VARIABLE = YES;
				IPHONEOS_DEPLOYMENT_TARGET = 15.5;
				MTL_ENABLE_DEBUG_INFO = INCLUDE_SOURCE;
				MTL_FAST_MATH = YES;
				ONLY_ACTIVE_ARCH = YES;
				SDKROOT = iphoneos;
				SWIFT_ACTIVE_COMPILATION_CONDITIONS = DEBUG;
				SWIFT_OPTIMIZATION_LEVEL = "-Onone";
			};
			name = Debug;
		};
		954FB3E328856C6D0050AF7D /* Release */ = {
			isa = XCBuildConfiguration;
			buildSettings = {
				ALWAYS_SEARCH_USER_PATHS = NO;
				CLANG_ANALYZER_NONNULL = YES;
				CLANG_ANALYZER_NUMBER_OBJECT_CONVERSION = YES_AGGRESSIVE;
				CLANG_CXX_LANGUAGE_STANDARD = "gnu++17";
				CLANG_ENABLE_MODULES = YES;
				CLANG_ENABLE_OBJC_ARC = YES;
				CLANG_ENABLE_OBJC_WEAK = YES;
				CLANG_WARN_BLOCK_CAPTURE_AUTORELEASING = YES;
				CLANG_WARN_BOOL_CONVERSION = YES;
				CLANG_WARN_COMMA = YES;
				CLANG_WARN_CONSTANT_CONVERSION = YES;
				CLANG_WARN_DEPRECATED_OBJC_IMPLEMENTATIONS = YES;
				CLANG_WARN_DIRECT_OBJC_ISA_USAGE = YES_ERROR;
				CLANG_WARN_DOCUMENTATION_COMMENTS = YES;
				CLANG_WARN_EMPTY_BODY = YES;
				CLANG_WARN_ENUM_CONVERSION = YES;
				CLANG_WARN_INFINITE_RECURSION = YES;
				CLANG_WARN_INT_CONVERSION = YES;
				CLANG_WARN_NON_LITERAL_NULL_CONVERSION = YES;
				CLANG_WARN_OBJC_IMPLICIT_RETAIN_SELF = YES;
				CLANG_WARN_OBJC_LITERAL_CONVERSION = YES;
				CLANG_WARN_OBJC_ROOT_CLASS = YES_ERROR;
				CLANG_WARN_QUOTED_INCLUDE_IN_FRAMEWORK_HEADER = YES;
				CLANG_WARN_RANGE_LOOP_ANALYSIS = YES;
				CLANG_WARN_STRICT_PROTOTYPES = YES;
				CLANG_WARN_SUSPICIOUS_MOVE = YES;
				CLANG_WARN_UNGUARDED_AVAILABILITY = YES_AGGRESSIVE;
				CLANG_WARN_UNREACHABLE_CODE = YES;
				CLANG_WARN__DUPLICATE_METHOD_MATCH = YES;
				COPY_PHASE_STRIP = NO;
				DEBUG_INFORMATION_FORMAT = "dwarf-with-dsym";
				ENABLE_NS_ASSERTIONS = NO;
				ENABLE_STRICT_OBJC_MSGSEND = YES;
				GCC_C_LANGUAGE_STANDARD = gnu11;
				GCC_NO_COMMON_BLOCKS = YES;
				GCC_WARN_64_TO_32_BIT_CONVERSION = YES;
				GCC_WARN_ABOUT_RETURN_TYPE = YES_ERROR;
				GCC_WARN_UNDECLARED_SELECTOR = YES;
				GCC_WARN_UNINITIALIZED_AUTOS = YES_AGGRESSIVE;
				GCC_WARN_UNUSED_FUNCTION = YES;
				GCC_WARN_UNUSED_VARIABLE = YES;
				IPHONEOS_DEPLOYMENT_TARGET = 15.5;
				MTL_ENABLE_DEBUG_INFO = NO;
				MTL_FAST_MATH = YES;
				SDKROOT = iphoneos;
				SWIFT_COMPILATION_MODE = wholemodule;
				SWIFT_OPTIMIZATION_LEVEL = "-O";
				VALIDATE_PRODUCT = YES;
			};
			name = Release;
		};
		954FB3E528856C6D0050AF7D /* Debug */ = {
			isa = XCBuildConfiguration;
			baseConfigurationReference = 04AFC650EFBBD8EEEE3382AD /* Pods-BookStore.debug.xcconfig */;
			buildSettings = {
				ASSETCATALOG_COMPILER_APPICON_NAME = AppIcon;
				ASSETCATALOG_COMPILER_GLOBAL_ACCENT_COLOR_NAME = AccentColor;
				CODE_SIGN_STYLE = Automatic;
				CURRENT_PROJECT_VERSION = 1;
				DEVELOPMENT_TEAM = 4A2X839YU5;
				GENERATE_INFOPLIST_FILE = YES;
				INFOPLIST_FILE = BookStore/Info.plist;
				INFOPLIST_KEY_UIApplicationSupportsIndirectInputEvents = YES;
				INFOPLIST_KEY_UILaunchStoryboardName = LaunchScreen;
				INFOPLIST_KEY_UIMainStoryboardFile = Main;
				INFOPLIST_KEY_UISupportedInterfaceOrientations_iPad = "UIInterfaceOrientationPortrait UIInterfaceOrientationPortraitUpsideDown UIInterfaceOrientationLandscapeLeft UIInterfaceOrientationLandscapeRight";
				INFOPLIST_KEY_UISupportedInterfaceOrientations_iPhone = "UIInterfaceOrientationPortrait UIInterfaceOrientationLandscapeLeft UIInterfaceOrientationLandscapeRight";
				LD_RUNPATH_SEARCH_PATHS = (
					"$(inherited)",
					"@executable_path/Frameworks",
				);
				MARKETING_VERSION = 1.0;
				PRODUCT_BUNDLE_IDENTIFIER = project.BookStore;
				PRODUCT_NAME = "$(TARGET_NAME)";
				SWIFT_EMIT_LOC_STRINGS = YES;
				SWIFT_VERSION = 5.0;
				TARGETED_DEVICE_FAMILY = 1;
			};
			name = Debug;
		};
		954FB3E628856C6D0050AF7D /* Release */ = {
			isa = XCBuildConfiguration;
			baseConfigurationReference = 733C7D5822F5906D7B13C30C /* Pods-BookStore.release.xcconfig */;
			buildSettings = {
				ASSETCATALOG_COMPILER_APPICON_NAME = AppIcon;
				ASSETCATALOG_COMPILER_GLOBAL_ACCENT_COLOR_NAME = AccentColor;
				CODE_SIGN_STYLE = Automatic;
				CURRENT_PROJECT_VERSION = 1;
				DEVELOPMENT_TEAM = 4A2X839YU5;
				GENERATE_INFOPLIST_FILE = YES;
				INFOPLIST_FILE = BookStore/Info.plist;
				INFOPLIST_KEY_UIApplicationSupportsIndirectInputEvents = YES;
				INFOPLIST_KEY_UILaunchStoryboardName = LaunchScreen;
				INFOPLIST_KEY_UIMainStoryboardFile = Main;
				INFOPLIST_KEY_UISupportedInterfaceOrientations_iPad = "UIInterfaceOrientationPortrait UIInterfaceOrientationPortraitUpsideDown UIInterfaceOrientationLandscapeLeft UIInterfaceOrientationLandscapeRight";
				INFOPLIST_KEY_UISupportedInterfaceOrientations_iPhone = "UIInterfaceOrientationPortrait UIInterfaceOrientationLandscapeLeft UIInterfaceOrientationLandscapeRight";
				LD_RUNPATH_SEARCH_PATHS = (
					"$(inherited)",
					"@executable_path/Frameworks",
				);
				MARKETING_VERSION = 1.0;
				PRODUCT_BUNDLE_IDENTIFIER = project.BookStore;
				PRODUCT_NAME = "$(TARGET_NAME)";
				SWIFT_EMIT_LOC_STRINGS = YES;
				SWIFT_VERSION = 5.0;
				TARGETED_DEVICE_FAMILY = 1;
			};
			name = Release;
		};
/* End XCBuildConfiguration section */

/* Begin XCConfigurationList section */
		954FB3C828856C6C0050AF7D /* Build configuration list for PBXProject "BookStore" */ = {
			isa = XCConfigurationList;
			buildConfigurations = (
				954FB3E228856C6D0050AF7D /* Debug */,
				954FB3E328856C6D0050AF7D /* Release */,
			);
			defaultConfigurationIsVisible = 0;
			defaultConfigurationName = Release;
		};
		954FB3E428856C6D0050AF7D /* Build configuration list for PBXNativeTarget "BookStore" */ = {
			isa = XCConfigurationList;
			buildConfigurations = (
				954FB3E528856C6D0050AF7D /* Debug */,
				954FB3E628856C6D0050AF7D /* Release */,
			);
			defaultConfigurationIsVisible = 0;
			defaultConfigurationName = Release;
		};
/* End XCConfigurationList section */

/* Begin XCVersionGroup section */
		954FB3D928856C6C0050AF7D /* BookStore.xcdatamodeld */ = {
			isa = XCVersionGroup;
			children = (
				954FB3DA28856C6C0050AF7D /* BookStore.xcdatamodel */,
			);
			currentVersion = 954FB3DA28856C6C0050AF7D /* BookStore.xcdatamodel */;
			path = BookStore.xcdatamodeld;
			sourceTree = "<group>";
			versionGroupType = wrapper.xcdatamodel;
		};
/* End XCVersionGroup section */
	};
	rootObject = 954FB3C528856C6C0050AF7D /* Project object */;
}
